
Microsoft Visual Studio Solution File, Format Version 12.00
# Visual Studio Version 16
VisualStudioVersion = 16.0.31702.278
MinimumVisualStudioVersion = 10.0.40219.1
Project("{FAE04EC0-301F-11D3-BF4B-00C04F79EFBC}") = "ExamConsole", "ExamConsole\ExamConsole.csproj", "{869BDB53-48B2-4C80-8CF2-555972D3C35C}"
EndProject
Global
	GlobalSection(SolutionConfigurationPlatforms) = preSolution
		Debug|Any CPU = Debug|Any CPU
		Release|Any CPU = Release|Any CPU
	EndGlobalSection
	GlobalSection(ProjectConfigurationPlatforms) = postSolution
		{869BDB53-48B2-4C80-8CF2-555972D3C35C}.Debug|Any CPU.ActiveCfg = Debug|Any CPU
		{869BDB53-48B2-4C80-8CF2-555972D3C35C}.Debug|Any CPU.Build.0 = Debug|Any CPU
		{869BDB53-48B2-4C80-8CF2-555972D3C35C}.Release|Any CPU.ActiveCfg = Release|Any CPU
		{869BDB53-48B2-4C80-8CF2-555972D3C35C}.Release|Any CPU.Build.0 = Release|Any CPU
	EndGlobalSection
	GlobalSection(SolutionProperties) = preSolution
		HideSolutionNode = FALSE
	EndGlobalSection
	GlobalSection(ExtensibilityGlobals) = postSolution
		SolutionGuid = {6B51DEAA-972D-4BF7-8EE6-AF3A7972C6BE}
	EndGlobalSection
EndGlobal
